{
    "name": "engine-spike",
    "lockfileVersion": 3,
    "requires": true,
    "packages": {
        "": {
            "name": "engine-spike",
            "dependencies": {
                "koota": "^0.6.6"
            }
        },
        "node_modules/koota": {
            "version": "0.6.6",
            "resolved": "https://registry.npmjs.org/koota/-/koota-0.6.6.tgz",
            "integrity": "sha512-Fn8lSooH3u9TIP+eAMugFrOju40Ec70+sB7x1eZBB3H0Lki2hyIbFAodk3NDB/RIRzoMs54O4422BVN6SbtWfw==",
            "license": "ISC",
            "peerDependencies": {
                "@types/react": ">=18.0.0",
                "react": ">=18.0.0"
            },
            "peerDependenciesMeta": {
                "@types/react": {
                    "optional": true
                },
                "react": {
                    "optional": true
                }
            }
        }
    }
}
